
Microsoft Visual Studio Solution File, Format Version 12.00
# Visual Studio Version 16
VisualStudioVersion = 16.0.31105.61
MinimumVisualStudioVersion = 10.0.40219.1
Project("{FAE04EC0-301F-11D3-BF4B-00C04F79EFBC}") = "Svg.Skia.Forms.Sample.UWP", "samples\Svg.Skia.Forms.Sample.UWP\Svg.Skia.Forms.Sample.UWP.csproj", "{BA84A578-24B1-4D3D-BB3E-37B0D8B53382}"
EndProject
Project("{FAE04EC0-301F-11D3-BF4B-00C04F79EFBC}") = "Svg.Skia.Forms.Sample.Android", "samples\Svg.Skia.Forms.Sample.Android\Svg.Skia.Forms.Sample.Android.csproj", "{8F20D940-A424-4688-A635-3CA9EF3BF046}"
EndProject
Project("{FAE04EC0-301F-11D3-BF4B-00C04F79EFBC}") = "Svg.Skia.Forms.Sample.iOS", "samples\Svg.Skia.Forms.Sample.iOS\Svg.Skia.Forms.Sample.iOS.csproj", "{F71576FB-F497-4BF0-9924-3FFD3B50E04A}"
EndProject
Project("{9A19103F-16F7-4668-BE54-9A1E7A4F7556}") = "Svg.Skia.Forms.Sample", "samples\Svg.Skia.Forms.Sample\Svg.Skia.Forms.Sample.csproj", "{B9EDFBCA-1494-4C41-88AE-512F9B1826C9}"
EndProject
Project("{2150E333-8FDC-42A3-9474-1A3956D46DE8}") = "Sample Projects", "Sample Projects", "{6FF8DD7B-F2E1-417C-9467-90F1BDFE79AF}"
EndProject
Project("{FAE04EC0-301F-11D3-BF4B-00C04F79EFBC}") = "Svg.Skia.Forms", "src\Svg.Skia.Forms\Svg.Skia.Forms.csproj", "{F7A898A4-9059-4FD0-A4E1-EA5DA5E76B5E}"
EndProject
Project("{2150E333-8FDC-42A3-9474-1A3956D46DE8}") = "Solution Items", "Solution Items", "{5574CAAD-E339-4D17-9913-C1338D59A5E6}"
	ProjectSection(SolutionItems) = preProject
		.editorconfig = .editorconfig
		Directory.Build.props = Directory.Build.props
		Documentation.md = Documentation.md
		LICENSE.md = LICENSE.md
		README.md = README.md
	EndProjectSection
EndProject
Global
	GlobalSection(SolutionConfigurationPlatforms) = preSolution
		Debug|Any CPU = Debug|Any CPU
		Debug|ARM = Debug|ARM
		Debug|iPhone = Debug|iPhone
		Debug|iPhoneSimulator = Debug|iPhoneSimulator
		Debug|x64 = Debug|x64
		Debug|x86 = Debug|x86
		Release|Any CPU = Release|Any CPU
		Release|ARM = Release|ARM
		Release|iPhone = Release|iPhone
		Release|iPhoneSimulator = Release|iPhoneSimulator
		Release|x64 = Release|x64
		Release|x86 = Release|x86
	EndGlobalSection
	GlobalSection(ProjectConfigurationPlatforms) = postSolution
		{BA84A578-24B1-4D3D-BB3E-37B0D8B53382}.Debug|Any CPU.ActiveCfg = Debug|x86
		{BA84A578-24B1-4D3D-BB3E-37B0D8B53382}.Debug|Any CPU.Build.0 = Debug|x86
		{BA84A578-24B1-4D3D-BB3E-37B0D8B53382}.Debug|Any CPU.Deploy.0 = Debug|x86
		{BA84A578-24B1-4D3D-BB3E-37B0D8B53382}.Debug|ARM.ActiveCfg = Debug|ARM
		{BA84A578-24B1-4D3D-BB3E-37B0D8B53382}.Debug|ARM.Build.0 = Debug|ARM
		{BA84A578-24B1-4D3D-BB3E-37B0D8B53382}.Debug|ARM.Deploy.0 = Debug|ARM
		{BA84A578-24B1-4D3D-BB3E-37B0D8B53382}.Debug|iPhone.ActiveCfg = Debug|x86
		{BA84A578-24B1-4D3D-BB3E-37B0D8B53382}.Debug|iPhone.Build.0 = Debug|x86
		{BA84A578-24B1-4D3D-BB3E-37B0D8B53382}.Debug|iPhone.Deploy.0 = Debug|x86
		{BA84A578-24B1-4D3D-BB3E-37B0D8B53382}.Debug|iPhoneSimulator.ActiveCfg = Debug|x86
		{BA84A578-24B1-4D3D-BB3E-37B0D8B53382}.Debug|iPhoneSimulator.Build.0 = Debug|x86
		{BA84A578-24B1-4D3D-BB3E-37B0D8B53382}.Debug|iPhoneSimulator.Deploy.0 = Debug|x86
		{BA84A578-24B1-4D3D-BB3E-37B0D8B53382}.Debug|x64.ActiveCfg = Debug|x64
		{BA84A578-24B1-4D3D-BB3E-37B0D8B53382}.Debug|x64.Build.0 = Debug|x64
		{BA84A578-24B1-4D3D-BB3E-37B0D8B53382}.Debug|x64.Deploy.0 = Debug|x64
		{BA84A578-24B1-4D3D-BB3E-37B0D8B53382}.Debug|x86.ActiveCfg = Debug|x86
		{BA84A578-24B1-4D3D-BB3E-37B0D8B53382}.Debug|x86.Build.0 = Debug|x86
		{BA84A578-24B1-4D3D-BB3E-37B0D8B53382}.Debug|x86.Deploy.0 = Debug|x86
		{BA84A578-24B1-4D3D-BB3E-37B0D8B53382}.Release|Any CPU.ActiveCfg = Release|x86
		{BA84A578-24B1-4D3D-BB3E-37B0D8B53382}.Release|Any CPU.Build.0 = Release|x86
		{BA84A578-24B1-4D3D-BB3E-37B0D8B53382}.Release|Any CPU.Deploy.0 = Release|x86
		{BA84A578-24B1-4D3D-BB3E-37B0D8B53382}.Release|ARM.ActiveCfg = Release|ARM
		{BA84A578-24B1-4D3D-BB3E-37B0D8B53382}.Release|ARM.Build.0 = Release|ARM
		{BA84A578-24B1-4D3D-BB3E-37B0D8B53382}.Release|ARM.Deploy.0 = Release|ARM
		{BA84A578-24B1-4D3D-BB3E-37B0D8B53382}.Release|iPhone.ActiveCfg = Release|x86
		{BA84A578-24B1-4D3D-BB3E-37B0D8B53382}.Release|iPhone.Build.0 = Release|x86
		{BA84A578-24B1-4D3D-BB3E-37B0D8B53382}.Release|iPhone.Deploy.0 = Release|x86
		{BA84A578-24B1-4D3D-BB3E-37B0D8B53382}.Release|iPhoneSimulator.ActiveCfg = Release|x86
		{BA84A578-24B1-4D3D-BB3E-37B0D8B53382}.Release|iPhoneSimulator.Build.0 = Release|x86
		{BA84A578-24B1-4D3D-BB3E-37B0D8B53382}.Release|iPhoneSimulator.Deploy.0 = Release|x86
		{BA84A578-24B1-4D3D-BB3E-37B0D8B53382}.Release|x64.ActiveCfg = Release|x64
		{BA84A578-24B1-4D3D-BB3E-37B0D8B53382}.Release|x64.Build.0 = Release|x64
		{BA84A578-24B1-4D3D-BB3E-37B0D8B53382}.Release|x64.Deploy.0 = Release|x64
		{BA84A578-24B1-4D3D-BB3E-37B0D8B53382}.Release|x86.ActiveCfg = Release|x86
		{BA84A578-24B1-4D3D-BB3E-37B0D8B53382}.Release|x86.Build.0 = Release|x86
		{BA84A578-24B1-4D3D-BB3E-37B0D8B53382}.Release|x86.Deploy.0 = Release|x86
		{8F20D940-A424-4688-A635-3CA9EF3BF046}.Debug|Any CPU.ActiveCfg = Debug|Any CPU
		{8F20D940-A424-4688-A635-3CA9EF3BF046}.Debug|Any CPU.Build.0 = Debug|Any CPU
		{8F20D940-A424-4688-A635-3CA9EF3BF046}.Debug|Any CPU.Deploy.0 = Debug|Any CPU
		{8F20D940-A424-4688-A635-3CA9EF3BF046}.Debug|ARM.ActiveCfg = Debug|Any CPU
		{8F20D940-A424-4688-A635-3CA9EF3BF046}.Debug|ARM.Build.0 = Debug|Any CPU
		{8F20D940-A424-4688-A635-3CA9EF3BF046}.Debug|ARM.Deploy.0 = Debug|Any CPU
		{8F20D940-A424-4688-A635-3CA9EF3BF046}.Debug|iPhone.ActiveCfg = Debug|Any CPU
		{8F20D940-A424-4688-A635-3CA9EF3BF046}.Debug|iPhone.Build.0 = Debug|Any CPU
		{8F20D940-A424-4688-A635-3CA9EF3BF046}.Debug|iPhone.Deploy.0 = Debug|Any CPU
		{8F20D940-A424-4688-A635-3CA9EF3BF046}.Debug|iPhoneSimulator.ActiveCfg = Debug|Any CPU
		{8F20D940-A424-4688-A635-3CA9EF3BF046}.Debug|iPhoneSimulator.Build.0 = Debug|Any CPU
		{8F20D940-A424-4688-A635-3CA9EF3BF046}.Debug|iPhoneSimulator.Deploy.0 = Debug|Any CPU
		{8F20D940-A424-4688-A635-3CA9EF3BF046}.Debug|x64.ActiveCfg = Debug|Any CPU
		{8F20D940-A424-4688-A635-3CA9EF3BF046}.Debug|x64.Build.0 = Debug|Any CPU
		{8F20D940-A424-4688-A635-3CA9EF3BF046}.Debug|x64.Deploy.0 = Debug|Any CPU
		{8F20D940-A424-4688-A635-3CA9EF3BF046}.Debug|x86.ActiveCfg = Debug|Any CPU
		{8F20D940-A424-4688-A635-3CA9EF3BF046}.Debug|x86.Build.0 = Debug|Any CPU
		{8F20D940-A424-4688-A635-3CA9EF3BF046}.Debug|x86.Deploy.0 = Debug|Any CPU
		{8F20D940-A424-4688-A635-3CA9EF3BF046}.Release|Any CPU.ActiveCfg = Release|Any CPU
		{8F20D940-A424-4688-A635-3CA9EF3BF046}.Release|Any CPU.Build.0 = Release|Any CPU
		{8F20D940-A424-4688-A635-3CA9EF3BF046}.Release|Any CPU.Deploy.0 = Release|Any CPU
		{8F20D940-A424-4688-A635-3CA9EF3BF046}.Release|ARM.ActiveCfg = Release|Any CPU
		{8F20D940-A424-4688-A635-3CA9EF3BF046}.Release|ARM.Build.0 = Release|Any CPU
		{8F20D940-A424-4688-A635-3CA9EF3BF046}.Release|ARM.Deploy.0 = Release|Any CPU
		{8F20D940-A424-4688-A635-3CA9EF3BF046}.Release|iPhone.ActiveCfg = Release|Any CPU
		{8F20D940-A424-4688-A635-3CA9EF3BF046}.Release|iPhone.Build.0 = Release|Any CPU
		{8F20D940-A424-4688-A635-3CA9EF3BF046}.Release|iPhone.Deploy.0 = Release|Any CPU
		{8F20D940-A424-4688-A635-3CA9EF3BF046}.Release|iPhoneSimulator.ActiveCfg = Release|Any CPU
		{8F20D940-A424-4688-A635-3CA9EF3BF046}.Release|iPhoneSimulator.Build.0 = Release|Any CPU
		{8F20D940-A424-4688-A635-3CA9EF3BF046}.Release|iPhoneSimulator.Deploy.0 = Release|Any CPU
		{8F20D940-A424-4688-A635-3CA9EF3BF046}.Release|x64.ActiveCfg = Release|Any CPU
		{8F20D940-A424-4688-A635-3CA9EF3BF046}.Release|x64.Build.0 = Release|Any CPU
		{8F20D940-A424-4688-A635-3CA9EF3BF046}.Release|x64.Deploy.0 = Release|Any CPU
		{8F20D940-A424-4688-A635-3CA9EF3BF046}.Release|x86.ActiveCfg = Release|Any CPU
		{8F20D940-A424-4688-A635-3CA9EF3BF046}.Release|x86.Build.0 = Release|Any CPU
		{8F20D940-A424-4688-A635-3CA9EF3BF046}.Release|x86.Deploy.0 = Release|Any CPU
		{F71576FB-F497-4BF0-9924-3FFD3B50E04A}.Debug|Any CPU.ActiveCfg = Debug|iPhoneSimulator
		{F71576FB-F497-4BF0-9924-3FFD3B50E04A}.Debug|Any CPU.Build.0 = Debug|iPhoneSimulator
		{F71576FB-F497-4BF0-9924-3FFD3B50E04A}.Debug|Any CPU.Deploy.0 = Debug|iPhoneSimulator
		{F71576FB-F497-4BF0-9924-3FFD3B50E04A}.Debug|ARM.ActiveCfg = Debug|iPhone
		{F71576FB-F497-4BF0-9924-3FFD3B50E04A}.Debug|ARM.Build.0 = Debug|iPhone
		{F71576FB-F497-4BF0-9924-3FFD3B50E04A}.Debug|ARM.Deploy.0 = Debug|iPhone
		{F71576FB-F497-4BF0-9924-3FFD3B50E04A}.Debug|iPhone.ActiveCfg = Debug|iPhone
		{F71576FB-F497-4BF0-9924-3FFD3B50E04A}.Debug|iPhone.Build.0 = Debug|iPhone
		{F71576FB-F497-4BF0-9924-3FFD3B50E04A}.Debug|iPhone.Deploy.0 = Debug|iPhone
		{F71576FB-F497-4BF0-9924-3FFD3B50E04A}.Debug|iPhoneSimulator.ActiveCfg = Debug|iPhoneSimulator
		{F71576FB-F497-4BF0-9924-3FFD3B50E04A}.Debug|iPhoneSimulator.Build.0 = Debug|iPhoneSimulator
		{F71576FB-F497-4BF0-9924-3FFD3B50E04A}.Debug|iPhoneSimulator.Deploy.0 = Debug|iPhoneSimulator
		{F71576FB-F497-4BF0-9924-3FFD3B50E04A}.Debug|x64.ActiveCfg = Debug|iPhoneSimulator
		{F71576FB-F497-4BF0-9924-3FFD3B50E04A}.Debug|x64.Build.0 = Debug|iPhoneSimulator
		{F71576FB-F497-4BF0-9924-3FFD3B50E04A}.Debug|x64.Deploy.0 = Debug|iPhoneSimulator
		{F71576FB-F497-4BF0-9924-3FFD3B50E04A}.Debug|x86.ActiveCfg = Debug|iPhoneSimulator
		{F71576FB-F497-4BF0-9924-3FFD3B50E04A}.Debug|x86.Build.0 = Debug|iPhoneSimulator
		{F71576FB-F497-4BF0-9924-3FFD3B50E04A}.Debug|x86.Deploy.0 = Debug|iPhoneSimulator
		{F71576FB-F497-4BF0-9924-3FFD3B50E04A}.Release|Any CPU.ActiveCfg = Release|iPhoneSimulator
		{F71576FB-F497-4BF0-9924-3FFD3B50E04A}.Release|Any CPU.Build.0 = Release|iPhoneSimulator
		{F71576FB-F497-4BF0-9924-3FFD3B50E04A}.Release|Any CPU.Deploy.0 = Release|iPhoneSimulator
		{F71576FB-F497-4BF0-9924-3FFD3B50E04A}.Release|ARM.ActiveCfg = Release|iPhoneSimulator
		{F71576FB-F497-4BF0-9924-3FFD3B50E04A}.Release|ARM.Build.0 = Release|iPhoneSimulator
		{F71576FB-F497-4BF0-9924-3FFD3B50E04A}.Release|ARM.Deploy.0 = Release|iPhoneSimulator
		{F71576FB-F497-4BF0-9924-3FFD3B50E04A}.Release|iPhone.ActiveCfg = Release|iPhone
		{F71576FB-F497-4BF0-9924-3FFD3B50E04A}.Release|iPhone.Build.0 = Release|iPhone
		{F71576FB-F497-4BF0-9924-3FFD3B50E04A}.Release|iPhone.Deploy.0 = Release|iPhone
		{F71576FB-F497-4BF0-9924-3FFD3B50E04A}.Release|iPhoneSimulator.ActiveCfg = Release|iPhoneSimulator
		{F71576FB-F497-4BF0-9924-3FFD3B50E04A}.Release|iPhoneSimulator.Build.0 = Release|iPhoneSimulator
		{F71576FB-F497-4BF0-9924-3FFD3B50E04A}.Release|iPhoneSimulator.Deploy.0 = Release|iPhoneSimulator
		{F71576FB-F497-4BF0-9924-3FFD3B50E04A}.Release|x64.ActiveCfg = Release|iPhoneSimulator
		{F71576FB-F497-4BF0-9924-3FFD3B50E04A}.Release|x64.Build.0 = Release|iPhoneSimulator
		{F71576FB-F497-4BF0-9924-3FFD3B50E04A}.Release|x64.Deploy.0 = Release|iPhoneSimulator
		{F71576FB-F497-4BF0-9924-3FFD3B50E04A}.Release|x86.ActiveCfg = Release|iPhoneSimulator
		{F71576FB-F497-4BF0-9924-3FFD3B50E04A}.Release|x86.Build.0 = Release|iPhoneSimulator
		{F71576FB-F497-4BF0-9924-3FFD3B50E04A}.Release|x86.Deploy.0 = Release|iPhoneSimulator
		{B9EDFBCA-1494-4C41-88AE-512F9B1826C9}.Debug|Any CPU.ActiveCfg = Debug|Any CPU
		{B9EDFBCA-1494-4C41-88AE-512F9B1826C9}.Debug|Any CPU.Build.0 = Debug|Any CPU
		{B9EDFBCA-1494-4C41-88AE-512F9B1826C9}.Debug|Any CPU.Deploy.0 = Debug|Any CPU
		{B9EDFBCA-1494-4C41-88AE-512F9B1826C9}.Debug|ARM.ActiveCfg = Debug|Any CPU
		{B9EDFBCA-1494-4C41-88AE-512F9B1826C9}.Debug|ARM.Build.0 = Debug|Any CPU
		{B9EDFBCA-1494-4C41-88AE-512F9B1826C9}.Debug|ARM.Deploy.0 = Debug|Any CPU
		{B9EDFBCA-1494-4C41-88AE-512F9B1826C9}.Debug|iPhone.ActiveCfg = Debug|Any CPU
		{B9EDFBCA-1494-4C41-88AE-512F9B1826C9}.Debug|iPhone.Build.0 = Debug|Any CPU
		{B9EDFBCA-1494-4C41-88AE-512F9B1826C9}.Debug|iPhone.Deploy.0 = Debug|Any CPU
		{B9EDFBCA-1494-4C41-88AE-512F9B1826C9}.Debug|iPhoneSimulator.ActiveCfg = Debug|Any CPU
		{B9EDFBCA-1494-4C41-88AE-512F9B1826C9}.Debug|iPhoneSimulator.Build.0 = Debug|Any CPU
		{B9EDFBCA-1494-4C41-88AE-512F9B1826C9}.Debug|iPhoneSimulator.Deploy.0 = Debug|Any CPU
		{B9EDFBCA-1494-4C41-88AE-512F9B1826C9}.Debug|x64.ActiveCfg = Debug|Any CPU
		{B9EDFBCA-1494-4C41-88AE-512F9B1826C9}.Debug|x64.Build.0 = Debug|Any CPU
		{B9EDFBCA-1494-4C41-88AE-512F9B1826C9}.Debug|x64.Deploy.0 = Debug|Any CPU
		{B9EDFBCA-1494-4C41-88AE-512F9B1826C9}.Debug|x86.ActiveCfg = Debug|Any CPU
		{B9EDFBCA-1494-4C41-88AE-512F9B1826C9}.Debug|x86.Build.0 = Debug|Any CPU
		{B9EDFBCA-1494-4C41-88AE-512F9B1826C9}.Debug|x86.Deploy.0 = Debug|Any CPU
		{B9EDFBCA-1494-4C41-88AE-512F9B1826C9}.Release|Any CPU.ActiveCfg = Release|Any CPU
		{B9EDFBCA-1494-4C41-88AE-512F9B1826C9}.Release|Any CPU.Build.0 = Release|Any CPU
		{B9EDFBCA-1494-4C41-88AE-512F9B1826C9}.Release|Any CPU.Deploy.0 = Release|Any CPU
		{B9EDFBCA-1494-4C41-88AE-512F9B1826C9}.Release|ARM.ActiveCfg = Release|Any CPU
		{B9EDFBCA-1494-4C41-88AE-512F9B1826C9}.Release|ARM.Build.0 = Release|Any CPU
		{B9EDFBCA-1494-4C41-88AE-512F9B1826C9}.Release|ARM.Deploy.0 = Release|Any CPU
		{B9EDFBCA-1494-4C41-88AE-512F9B1826C9}.Release|iPhone.ActiveCfg = Release|Any CPU
		{B9EDFBCA-1494-4C41-88AE-512F9B1826C9}.Release|iPhone.Build.0 = Release|Any CPU
		{B9EDFBCA-1494-4C41-88AE-512F9B1826C9}.Release|iPhone.Deploy.0 = Release|Any CPU
		{B9EDFBCA-1494-4C41-88AE-512F9B1826C9}.Release|iPhoneSimulator.ActiveCfg = Release|Any CPU
		{B9EDFBCA-1494-4C41-88AE-512F9B1826C9}.Release|iPhoneSimulator.Build.0 = Release|Any CPU
		{B9EDFBCA-1494-4C41-88AE-512F9B1826C9}.Release|iPhoneSimulator.Deploy.0 = Release|Any CPU
		{B9EDFBCA-1494-4C41-88AE-512F9B1826C9}.Release|x64.ActiveCfg = Release|Any CPU
		{B9EDFBCA-1494-4C41-88AE-512F9B1826C9}.Release|x64.Build.0 = Release|Any CPU
		{B9EDFBCA-1494-4C41-88AE-512F9B1826C9}.Release|x64.Deploy.0 = Release|Any CPU
		{B9EDFBCA-1494-4C41-88AE-512F9B1826C9}.Release|x86.ActiveCfg = Release|Any CPU
		{B9EDFBCA-1494-4C41-88AE-512F9B1826C9}.Release|x86.Build.0 = Release|Any CPU
		{B9EDFBCA-1494-4C41-88AE-512F9B1826C9}.Release|x86.Deploy.0 = Release|Any CPU
		{F7A898A4-9059-4FD0-A4E1-EA5DA5E76B5E}.Debug|Any CPU.ActiveCfg = Debug|Any CPU
		{F7A898A4-9059-4FD0-A4E1-EA5DA5E76B5E}.Debug|Any CPU.Build.0 = Debug|Any CPU
		{F7A898A4-9059-4FD0-A4E1-EA5DA5E76B5E}.Debug|ARM.ActiveCfg = Debug|Any CPU
		{F7A898A4-9059-4FD0-A4E1-EA5DA5E76B5E}.Debug|ARM.Build.0 = Debug|Any CPU
		{F7A898A4-9059-4FD0-A4E1-EA5DA5E76B5E}.Debug|iPhone.ActiveCfg = Debug|Any CPU
		{F7A898A4-9059-4FD0-A4E1-EA5DA5E76B5E}.Debug|iPhone.Build.0 = Debug|Any CPU
		{F7A898A4-9059-4FD0-A4E1-EA5DA5E76B5E}.Debug|iPhoneSimulator.ActiveCfg = Debug|Any CPU
		{F7A898A4-9059-4FD0-A4E1-EA5DA5E76B5E}.Debug|iPhoneSimulator.Build.0 = Debug|Any CPU
		{F7A898A4-9059-4FD0-A4E1-EA5DA5E76B5E}.Debug|x64.ActiveCfg = Debug|Any CPU
		{F7A898A4-9059-4FD0-A4E1-EA5DA5E76B5E}.Debug|x64.Build.0 = Debug|Any CPU
		{F7A898A4-9059-4FD0-A4E1-EA5DA5E76B5E}.Debug|x86.ActiveCfg = Debug|Any CPU
		{F7A898A4-9059-4FD0-A4E1-EA5DA5E76B5E}.Debug|x86.Build.0 = Debug|Any CPU
		{F7A898A4-9059-4FD0-A4E1-EA5DA5E76B5E}.Release|Any CPU.ActiveCfg = Release|Any CPU
		{F7A898A4-9059-4FD0-A4E1-EA5DA5E76B5E}.Release|Any CPU.Build.0 = Release|Any CPU
		{F7A898A4-9059-4FD0-A4E1-EA5DA5E76B5E}.Release|ARM.ActiveCfg = Release|Any CPU
		{F7A898A4-9059-4FD0-A4E1-EA5DA5E76B5E}.Release|ARM.Build.0 = Release|Any CPU
		{F7A898A4-9059-4FD0-A4E1-EA5DA5E76B5E}.Release|iPhone.ActiveCfg = Release|Any CPU
		{F7A898A4-9059-4FD0-A4E1-EA5DA5E76B5E}.Release|iPhone.Build.0 = Release|Any CPU
		{F7A898A4-9059-4FD0-A4E1-EA5DA5E76B5E}.Release|iPhoneSimulator.ActiveCfg = Release|Any CPU
		{F7A898A4-9059-4FD0-A4E1-EA5DA5E76B5E}.Release|iPhoneSimulator.Build.0 = Release|Any CPU
		{F7A898A4-9059-4FD0-A4E1-EA5DA5E76B5E}.Release|x64.ActiveCfg = Release|Any CPU
		{F7A898A4-9059-4FD0-A4E1-EA5DA5E76B5E}.Release|x64.Build.0 = Release|Any CPU
		{F7A898A4-9059-4FD0-A4E1-EA5DA5E76B5E}.Release|x86.ActiveCfg = Release|Any CPU
		{F7A898A4-9059-4FD0-A4E1-EA5DA5E76B5E}.Release|x86.Build.0 = Release|Any CPU
	EndGlobalSection
	GlobalSection(SolutionProperties) = preSolution
		HideSolutionNode = FALSE
	EndGlobalSection
	GlobalSection(NestedProjects) = preSolution
		{BA84A578-24B1-4D3D-BB3E-37B0D8B53382} = {6FF8DD7B-F2E1-417C-9467-90F1BDFE79AF}
		{8F20D940-A424-4688-A635-3CA9EF3BF046} = {6FF8DD7B-F2E1-417C-9467-90F1BDFE79AF}
		{F71576FB-F497-4BF0-9924-3FFD3B50E04A} = {6FF8DD7B-F2E1-417C-9467-90F1BDFE79AF}
		{B9EDFBCA-1494-4C41-88AE-512F9B1826C9} = {6FF8DD7B-F2E1-417C-9467-90F1BDFE79AF}
	EndGlobalSection
	GlobalSection(ExtensibilityGlobals) = postSolution
		SolutionGuid = {38B05C11-67F1-4DF7-A3F8-15BF455D62DF}
	EndGlobalSection
EndGlobal
